// !$*UTF8*$!
{
	archiveVersion = 1;
	classes = {
	};
	objectVersion = 46;
	objects = {

/* Begin PBXBuildFile section */
		3C7F02F318DCFAFF0070FDCB /* Foundation.framework in Frameworks */ = {isa = PBXBuildFile; fileRef = 3C7F02F218DCFAFF0070FDCB /* Foundation.framework */; };
		3C7F02F518DCFAFF0070FDCB /* CoreGraphics.framework in Frameworks */ = {isa = PBXBuildFile; fileRef = 3C7F02F418DCFAFF0070FDCB /* CoreGraphics.framework */; };
		3C7F02F718DCFAFF0070FDCB /* UIKit.framework in Frameworks */ = {isa = PBXBuildFile; fileRef = 3C7F02F618DCFAFF0070FDCB /* UIKit.framework */; };
		3C7F02F918DCFAFF0070FDCB /* SpriteKit.framework in Frameworks */ = {isa = PBXBuildFile; fileRef = 3C7F02F818DCFAFF0070FDCB /* SpriteKit.framework */; };
		3C7F02FF18DCFAFF0070FDCB /* InfoPlist.strings in Resources */ = {isa = PBXBuildFile; fileRef = 3C7F02FD18DCFAFF0070FDCB /* InfoPlist.strings */; };
		3C7F030118DCFAFF0070FDCB /* main.m in Sources */ = {isa = PBXBuildFile; fileRef = 3C7F030018DCFAFF0070FDCB /* main.m */; };
		3C7F030518DCFAFF0070FDCB /* AppDelegate.m in Sources */ = {isa = PBXBuildFile; fileRef = 3C7F030418DCFAFF0070FDCB /* AppDelegate.m */; };
		3C7F030818DCFAFF0070FDCB /* Main_iPhone.storyboard in Resources */ = {isa = PBXBuildFile; fileRef = 3C7F030618DCFAFF0070FDCB /* Main_iPhone.storyboard */; };
		3C7F030B18DCFAFF0070FDCB /* Main_iPad.storyboard in Resources */ = {isa = PBXBuildFile; fileRef = 3C7F030918DCFAFF0070FDCB /* Main_iPad.storyboard */; };
		3C7F030E18DCFAFF0070FDCB /* ViewController.m in Sources */ = {isa = PBXBuildFile; fileRef = 3C7F030D18DCFAFF0070FDCB /* ViewController.m */; };
		3C7F031118DCFAFF0070FDCB /* MyScene.m in Sources */ = {isa = PBXBuildFile; fileRef = 3C7F031018DCFAFF0070FDCB /* MyScene.m */; };
		3C7F031518DCFAFF0070FDCB /* Images.xcassets in Resources */ = {isa = PBXBuildFile; fileRef = 3C7F031418DCFAFF0070FDCB /* Images.xcassets */; };
		3C7F031C18DCFAFF0070FDCB /* XCTest.framework in Frameworks */ = {isa = PBXBuildFile; fileRef = 3C7F031B18DCFAFF0070FDCB /* XCTest.framework */; };
		3C7F031D18DCFAFF0070FDCB /* Foundation.framework in Frameworks */ = {isa = PBXBuildFile; fileRef = 3C7F02F218DCFAFF0070FDCB /* Foundation.framework */; };
		3C7F031E18DCFAFF0070FDCB /* UIKit.framework in Frameworks */ = {isa = PBXBuildFile; fileRef = 3C7F02F618DCFAFF0070FDCB /* UIKit.framework */; };
		3C7F032618DCFAFF0070FDCB /* InfoPlist.strings in Resources */ = {isa = PBXBuildFile; fileRef = 3C7F032418DCFAFF0070FDCB /* InfoPlist.strings */; };
		3C7F032818DCFAFF0070FDCB /* touchGameTests.m in Sources */ = {isa = PBXBuildFile; fileRef = 3C7F032718DCFAFF0070FDCB /* touchGameTests.m */; };
		3C7F033318DCFDB90070FDCB /* sparks.sks in Resources */ = {isa = PBXBuildFile; fileRef = 3C7F033118DCFDB90070FDCB /* sparks.sks */; };
		3C7F033418DCFDB90070FDCB /* spark.png in Resources */ = {isa = PBXBuildFile; fileRef = 3C7F033218DCFDB90070FDCB /* spark.png */; };
		3CBED5A918DDA4C7005094DA /* QuartzCore.framework in Frameworks */ = {isa = PBXBuildFile; fileRef = 3CBED5A818DDA4C7005094DA /* QuartzCore.framework */; };
/* End PBXBuildFile section */

/* Begin PBXContainerItemProxy section */
		3C7F031F18DCFAFF0070FDCB /* PBXContainerItemProxy */ = {
			isa = PBXContainerItemProxy;
			containerPortal = 3C7F02E718DCFAFF0070FDCB /* Project object */;
			proxyType = 1;
			remoteGlobalIDString = 3C7F02EE18DCFAFF0070FDCB;
			remoteInfo = touchGame;
		};
/* End PBXContainerItemProxy section */

/* Begin PBXFileReference section */
		3C7F02EF18DCFAFF0070FDCB /* touchGame.app */ = {isa = PBXFileReference; explicitFileType = wrapper.application; includeInIndex = 0; path = touchGame.app; sourceTree = BUILT_PRODUCTS_DIR; };
		3C7F02F218DCFAFF0070FDCB /* Foundation.framework */ = {isa = PBXFileReference; lastKnownFileType = wrapper.framework; name = Foundation.framework; path = System/Library/Frameworks/Foundation.framework; sourceTree = SDKROOT; };
		3C7F02F418DCFAFF0070FDCB /* CoreGraphics.framework */ = {isa = PBXFileReference; lastKnownFileType = wrapper.framework; name = CoreGraphics.framework; path = System/Library/Frameworks/CoreGraphics.framework; sourceTree = SDKROOT; };
		3C7F02F618DCFAFF0070FDCB /* UIKit.framework */ = {isa = PBXFileReference; lastKnownFileType = wrapper.framework; name = UIKit.framework; path = System/Library/Frameworks/UIKit.framework; sourceTree = SDKROOT; };
		3C7F02F818DCFAFF0070FDCB /* SpriteKit.framework */ = {isa = PBXFileReference; lastKnownFileType = wrapper.framework; name = SpriteKit.framework; path = System/Library/Frameworks/SpriteKit.framework; sourceTree = SDKROOT; };
		3C7F02FC18DCFAFF0070FDCB /* touchGame-Info.plist */ = {isa = PBXFileReference; lastKnownFileType = text.plist.xml; path = "touchGame-Info.plist"; sourceTree = "<group>"; };
		3C7F02FE18DCFAFF0070FDCB /* en */ = {isa = PBXFileReference; lastKnownFileType = text.plist.strings; name = en; path = en.lproj/InfoPlist.strings; sourceTree = "<group>"; };
		3C7F030018DCFAFF0070FDCB /* main.m */ = {isa = PBXFileReference; lastKnownFileType = sourcecode.c.objc; path = main.m; sourceTree = "<group>"; };
		3C7F030218DCFAFF0070FDCB /* touchGame-Prefix.pch */ = {isa = PBXFileReference; lastKnownFileType = sourcecode.c.h; path = "touchGame-Prefix.pch"; sourceTree = "<group>"; };
		3C7F030318DCFAFF0070FDCB /* AppDelegate.h */ = {isa = PBXFileReference; lastKnownFileType = sourcecode.c.h; path = AppDelegate.h; sourceTree = "<group>"; };
		3C7F030418DCFAFF0070FDCB /* AppDelegate.m */ = {isa = PBXFileReference; lastKnownFileType = sourcecode.c.objc; path = AppDelegate.m; sourceTree = "<group>"; };
		3C7F030718DCFAFF0070FDCB /* Base */ = {isa = PBXFileReference; lastKnownFileType = file.storyboard; name = Base; path = Base.lproj/Main_iPhone.storyboard; sourceTree = "<group>"; };
		3C7F030A18DCFAFF0070FDCB /* Base */ = {isa = PBXFileReference; lastKnownFileType = file.storyboard; name = Base; path = Base.lproj/Main_iPad.storyboard; sourceTree = "<group>"; };
		3C7F030C18DCFAFF0070FDCB /* ViewController.h */ = {isa = PBXFileReference; lastKnownFileType = sourcecode.c.h; path = ViewController.h; sourceTree = "<group>"; };
		3C7F030D18DCFAFF0070FDCB /* ViewController.m */ = {isa = PBXFileReference; lastKnownFileType = sourcecode.c.objc; path = ViewController.m; sourceTree = "<group>"; };
		3C7F030F18DCFAFF0070FDCB /* MyScene.h */ = {isa = PBXFileReference; lastKnownFileType = sourcecode.c.h; path = MyScene.h; sourceTree = "<group>"; };
		3C7F031018DCFAFF0070FDCB /* MyScene.m */ = {isa = PBXFileReference; lastKnownFileType = sourcecode.c.objc; path = MyScene.m; sourceTree = "<group>"; };
		3C7F031418DCFAFF0070FDCB /* Images.xcassets */ = {isa = PBXFileReference; lastKnownFileType = folder.assetcatalog; path = Images.xcassets; sourceTree = "<group>"; };
		3C7F031A18DCFAFF0070FDCB /* touchGameTests.xctest */ = {isa = PBXFileReference; explicitFileType = wrapper.cfbundle; includeInIndex = 0; path = touchGameTests.xctest; sourceTree = BUILT_PRODUCTS_DIR; };
		3C7F031B18DCFAFF0070FDCB /* XCTest.framework */ = {isa = PBXFileReference; lastKnownFileType = wrapper.framework; name = XCTest.framework; path = Library/Frameworks/XCTest.framework; sourceTree = DEVELOPER_DIR; };
		3C7F032318DCFAFF0070FDCB /* touchGameTests-Info.plist */ = {isa = PBXFileReference; lastKnownFileType = text.plist.xml; path = "touchGameTests-Info.plist"; sourceTree = "<group>"; };
		3C7F032518DCFAFF0070FDCB /* en */ = {isa = PBXFileReference; lastKnownFileType = text.plist.strings; name = en; path = en.lproj/InfoPlist.strings; sourceTree = "<group>"; };
		3C7F032718DCFAFF0070FDCB /* touchGameTests.m */ = {isa = PBXFileReference; lastKnownFileType = sourcecode.c.objc; path = touchGameTests.m; sourceTree = "<group>"; };
		3C7F033118DCFDB90070FDCB /* sparks.sks */ = {isa = PBXFileReference; lastKnownFileType = file.sks; path = sparks.sks; sourceTree = "<group>"; };
		3C7F033218DCFDB90070FDCB /* spark.png */ = {isa = PBXFileReference; lastKnownFileType = image.png; path = spark.png; sourceTree = "<group>"; };
		3CBED5A818DDA4C7005094DA /* QuartzCore.framework */ = {isa = PBXFileReference; lastKnownFileType = wrapper.framework; name = QuartzCore.framework; path = System/Library/Frameworks/QuartzCore.framework; sourceTree = SDKROOT; };
/* End PBXFileReference section */

/* Begin PBXFrameworksBuildPhase section */
		3C7F02EC18DCFAFF0070FDCB /* Frameworks */ = {
			isa = PBXFrameworksBuildPhase;
			buildActionMask = 2147483647;
			files = (
				3CBED5A918DDA4C7005094DA /* QuartzCore.framework in Frameworks */,
				3C7F02F518DCFAFF0070FDCB /* CoreGraphics.framework in Frameworks */,
				3C7F02F718DCFAFF0070FDCB /* UIKit.framework in Frameworks */,
				3C7F02F918DCFAFF0070FDCB /* SpriteKit.framework in Frameworks */,
				3C7F02F318DCFAFF0070FDCB /* Foundation.framework in Frameworks */,
			);
			runOnlyForDeploymentPostprocessing = 0;
		};
		3C7F031718DCFAFF0070FDCB /* Frameworks */ = {
			isa = PBXFrameworksBuildPhase;
			buildActionMask = 2147483647;
			files = (
				3C7F031C18DCFAFF0070FDCB /* XCTest.framework in Frameworks */,
				3C7F031E18DCFAFF0070FDCB /* UIKit.framework in Frameworks */,
				3C7F031D18DCFAFF0070FDCB /* Foundation.framework in Frameworks */,
			);
			runOnlyForDeploymentPostprocessing = 0;
		};
/* End PBXFrameworksBuildPhase section */

/* Begin PBXGroup section */
		3C7F02E618DCFAFF0070FDCB = {
			isa = PBXGroup;
			children = (
				3C7F02FA18DCFAFF0070FDCB /* touchGame */,
				3C7F032118DCFAFF0070FDCB /* touchGameTests */,
				3C7F02F118DCFAFF0070FDCB /* Frameworks */,
				3C7F02F018DCFAFF0070FDCB /* Products */,
			);
			sourceTree = "<group>";
		};
		3C7F02F018DCFAFF0070FDCB /* Products */ = {
			isa = PBXGroup;
			children = (
				3C7F02EF18DCFAFF0070FDCB /* touchGame.app */,
				3C7F031A18DCFAFF0070FDCB /* touchGameTests.xctest */,
			);
			name = Products;
			sourceTree = "<group>";
		};
		3C7F02F118DCFAFF0070FDCB /* Frameworks */ = {
			isa = PBXGroup;
			children = (
				3CBED5A818DDA4C7005094DA /* QuartzCore.framework */,
				3C7F02F218DCFAFF0070FDCB /* Foundation.framework */,
				3C7F02F418DCFAFF0070FDCB /* CoreGraphics.framework */,
				3C7F02F618DCFAFF0070FDCB /* UIKit.framework */,
				3C7F02F818DCFAFF0070FDCB /* SpriteKit.framework */,
				3C7F031B18DCFAFF0070FDCB /* XCTest.framework */,
			);
			name = Frameworks;
			sourceTree = "<group>";
		};
		3C7F02FA18DCFAFF0070FDCB /* touchGame */ = {
			isa = PBXGroup;
			children = (
				3C7F030318DCFAFF0070FDCB /* AppDelegate.h */,
				3C7F030418DCFAFF0070FDCB /* AppDelegate.m */,
				3C7F030618DCFAFF0070FDCB /* Main_iPhone.storyboard */,
				3C7F030918DCFAFF0070FDCB /* Main_iPad.storyboard */,
				3C7F030C18DCFAFF0070FDCB /* ViewController.h */,
				3C7F030D18DCFAFF0070FDCB /* ViewController.m */,
				3C7F030F18DCFAFF0070FDCB /* MyScene.h */,
				3C7F031018DCFAFF0070FDCB /* MyScene.m */,
				3C7F033118DCFDB90070FDCB /* sparks.sks */,
				3C7F033218DCFDB90070FDCB /* spark.png */,
				3C7F031418DCFAFF0070FDCB /* Images.xcassets */,
				3C7F02FB18DCFAFF0070FDCB /* Supporting Files */,
			);
			path = touchGame;
			sourceTree = "<group>";
		};
		3C7F02FB18DCFAFF0070FDCB /* Supporting Files */ = {
			isa = PBXGroup;
			children = (
				3C7F02FC18DCFAFF0070FDCB /* touchGame-Info.plist */,
				3C7F02FD18DCFAFF0070FDCB /* InfoPlist.strings */,
				3C7F030018DCFAFF0070FDCB /* main.m */,
				3C7F030218DCFAFF0070FDCB /* touchGame-Prefix.pch */,
			);
			name = "Supporting Files";
			sourceTree = "<group>";
		};
		3C7F032118DCFAFF0070FDCB /* touchGameTests */ = {
			isa = PBXGroup;
			children = (
				3C7F032718DCFAFF0070FDCB /* touchGameTests.m */,
				3C7F032218DCFAFF0070FDCB /* Supporting Files */,
			);
			path = touchGameTests;
			sourceTree = "<group>";
		};
		3C7F032218DCFAFF0070FDCB /* Supporting Files */ = {
			isa = PBXGroup;
			children = (
				3C7F032318DCFAFF0070FDCB /* touchGameTests-Info.plist */,
				3C7F032418DCFAFF0070FDCB /* InfoPlist.strings */,
			);
			name = "Supporting Files";
			sourceTree = "<group>";
		};
/* End PBXGroup section */

/* Begin PBXNativeTarget section */
		3C7F02EE18DCFAFF0070FDCB /* touchGame */ = {
			isa = PBXNativeTarget;
			buildConfigurationList = 3C7F032B18DCFAFF0070FDCB /* Build configuration list for PBXNativeTarget "touchGame" */;
			buildPhases = (
				3C7F02EB18DCFAFF0070FDCB /* Sources */,
				3C7F02EC18DCFAFF0070FDCB /* Frameworks */,
				3C7F02ED18DCFAFF0070FDCB /* Resources */,
			);
			buildRules = (
			);
			dependencies = (
			);
			name = touchGame;
			productName = touchGame;
			productReference = 3C7F02EF18DCFAFF0070FDCB /* touchGame.app */;
			productType = "com.apple.product-type.application";
		};
		3C7F031918DCFAFF0070FDCB /* touchGameTests */ = {
			isa = PBXNativeTarget;
			buildConfigurationList = 3C7F032E18DCFAFF0070FDCB /* Build configuration list for PBXNativeTarget "touchGameTests" */;
			buildPhases = (
				3C7F031618DCFAFF0070FDCB /* Sources */,
				3C7F031718DCFAFF0070FDCB /* Frameworks */,
				3C7F031818DCFAFF0070FDCB /* Resources */,
			);
			buildRules = (
			);
			dependencies = (
				3C7F032018DCFAFF0070FDCB /* PBXTargetDependency */,
			);
			name = touchGameTests;
			productName = touchGameTests;
			productReference = 3C7F031A18DCFAFF0070FDCB /* touchGameTests.xctest */;
			productType = "com.apple.product-type.bundle.unit-test";
		};
/* End PBXNativeTarget section */

/* Begin PBXProject section */
		3C7F02E718DCFAFF0070FDCB /* Project object */ = {
			isa = PBXProject;
			attributes = {
				LastUpgradeCheck = 0510;
				ORGANIZATIONNAME = "Luke Sadler";
				TargetAttributes = {
					3C7F031918DCFAFF0070FDCB = {
						TestTargetID = 3C7F02EE18DCFAFF0070FDCB;
					};
				};
			};
			buildConfigurationList = 3C7F02EA18DCFAFF0070FDCB /* Build configuration list for PBXProject "touchGame" */;
			compatibilityVersion = "Xcode 3.2";
			developmentRegion = English;
			hasScannedForEncodings = 0;
			knownRegions = (
				en,
				Base,
			);
			mainGroup = 3C7F02E618DCFAFF0070FDCB;
			productRefGroup = 3C7F02F018DCFAFF0070FDCB /* Products */;
			projectDirPath = "";
			projectRoot = "";
			targets = (
				3C7F02EE18DCFAFF0070FDCB /* touchGame */,
				3C7F031918DCFAFF0070FDCB /* touchGameTests */,
			);
		};
/* End PBXProject section */

/* Begin PBXResourcesBuildPhase section */
		3C7F02ED18DCFAFF0070FDCB /* Resources */ = {
			isa = PBXResourcesBuildPhase;
			buildActionMask = 2147483647;
			files = (
				3C7F033318DCFDB90070FDCB /* sparks.sks in Resources */,
				3C7F031518DCFAFF0070FDCB /* Images.xcassets in Resources */,
				3C7F033418DCFDB90070FDCB /* spark.png in Resources */,
				3C7F030B18DCFAFF0070FDCB /* Main_iPad.storyboard in Resources */,
				3C7F030818DCFAFF0070FDCB /* Main_iPhone.storyboard in Resources */,
				3C7F02FF18DCFAFF0070FDCB /* InfoPlist.strings in Resources */,
			);
			runOnlyForDeploymentPostprocessing = 0;
		};
		3C7F031818DCFAFF0070FDCB /* Resources */ = {
			isa = PBXResourcesBuildPhase;
			buildActionMask = 2147483647;
			files = (
				3C7F032618DCFAFF0070FDCB /* InfoPlist.strings in Resources */,
			);
			runOnlyForDeploymentPostprocessing = 0;
		};
/* End PBXResourcesBuildPhase section */

/* Begin PBXSourcesBuildPhase section */
		3C7F02EB18DCFAFF0070FDCB /* Sources */ = {
			isa = PBXSourcesBuildPhase;
			buildActionMask = 2147483647;
			files = (
				3C7F031118DCFAFF0070FDCB /* MyScene.m in Sources */,
				3C7F030E18DCFAFF0070FDCB /* ViewController.m in Sources */,
				3C7F030518DCFAFF0070FDCB /* AppDelegate.m in Sources */,
				3C7F030118DCFAFF0070FDCB /* main.m in Sources */,
			);
			runOnlyForDeploymentPostprocessing = 0;
		};
		3C7F031618DCFAFF0070FDCB /* Sources */ = {
			isa = PBXSourcesBuildPhase;
			buildActionMask = 2147483647;
			files = (
				3C7F032818DCFAFF0070FDCB /* touchGameTests.m in Sources */,
			);
			runOnlyForDeploymentPostprocessing = 0;
		};
/* End PBXSourcesBuildPhase section */

/* Begin PBXTargetDependency section */
		3C7F032018DCFAFF0070FDCB /* PBXTargetDependency */ = {
			isa = PBXTargetDependency;
			target = 3C7F02EE18DCFAFF0070FDCB /* touchGame */;
			targetProxy = 3C7F031F18DCFAFF0070FDCB /* PBXContainerItemProxy */;
		};
/* End PBXTargetDependency section */

/* Begin PBXVariantGroup section */
		3C7F02FD18DCFAFF0070FDCB /* InfoPlist.strings */ = {
			isa = PBXVariantGroup;
			children = (
				3C7F02FE18DCFAFF0070FDCB /* en */,
			);
			name = InfoPlist.strings;
			sourceTree = "<group>";
		};
		3C7F030618DCFAFF0070FDCB /* Main_iPhone.storyboard */ = {
			isa = PBXVariantGroup;
			children = (
				3C7F030718DCFAFF0070FDCB /* Base */,
			);
			name = Main_iPhone.storyboard;
			sourceTree = "<group>";
		};
		3C7F030918DCFAFF0070FDCB /* Main_iPad.storyboard */ = {
			isa = PBXVariantGroup;
			children = (
				3C7F030A18DCFAFF0070FDCB /* Base */,
			);
			name = Main_iPad.storyboard;
			sourceTree = "<group>";
		};
		3C7F032418DCFAFF0070FDCB /* InfoPlist.strings */ = {
			isa = PBXVariantGroup;
			children = (
				3C7F032518DCFAFF0070FDCB /* en */,
			);
			name = InfoPlist.strings;
			sourceTree = "<group>";
		};
/* End PBXVariantGroup section */

/* Begin XCBuildConfiguration section */
		3C7F032918DCFAFF0070FDCB /* Debug */ = {
			isa = XCBuildConfiguration;
			buildSettings = {
				ALWAYS_SEARCH_USER_PATHS = NO;
				CLANG_CXX_LANGUAGE_STANDARD = "gnu++0x";
				CLANG_CXX_LIBRARY = "libc++";
				CLANG_ENABLE_MODULES = YES;
				CLANG_ENABLE_OBJC_ARC = YES;
				CLANG_WARN_BOOL_CONVERSION = YES;
				CLANG_WARN_CONSTANT_CONVERSION = YES;
				CLANG_WARN_DIRECT_OBJC_ISA_USAGE = YES_ERROR;
				CLANG_WARN_EMPTY_BODY = YES;
				CLANG_WARN_ENUM_CONVERSION = YES;
				CLANG_WARN_INT_CONVERSION = YES;
				CLANG_WARN_OBJC_ROOT_CLASS = YES_ERROR;
				CLANG_WARN__DUPLICATE_METHOD_MATCH = YES;
				"CODE_SIGN_IDENTITY[sdk=iphoneos*]" = "iPhone Developer";
				COPY_PHASE_STRIP = NO;
				GCC_C_LANGUAGE_STANDARD = gnu99;
				GCC_DYNAMIC_NO_PIC = NO;
				GCC_OPTIMIZATION_LEVEL = 0;
				GCC_PREPROCESSOR_DEFINITIONS = (
					"DEBUG=1",
					"$(inherited)",
				);
				GCC_SYMBOLS_PRIVATE_EXTERN = NO;
				GCC_WARN_64_TO_32_BIT_CONVERSION = YES;
				GCC_WARN_ABOUT_RETURN_TYPE = YES_ERROR;
				GCC_WARN_UNDECLARED_SELECTOR = YES;
				GCC_WARN_UNINITIALIZED_AUTOS = YES_AGGRESSIVE;
				GCC_WARN_UNUSED_FUNCTION = YES;
				GCC_WARN_UNUSED_VARIABLE = YES;
				IPHONEOS_DEPLOYMENT_TARGET = 7.1;
				ONLY_ACTIVE_ARCH = YES;
				SDKROOT = iphoneos;
				TARGETED_DEVICE_FAMILY = "1,2";
			};
			name = Debug;
		};
		3C7F032A18DCFAFF0070FDCB /* Release */ = {
			isa = XCBuildConfiguration;
			buildSettings = {
				ALWAYS_SEARCH_USER_PATHS = NO;
				CLANG_CXX_LANGUAGE_STANDARD = "gnu++0x";
				CLANG_CXX_LIBRARY = "libc++";
				CLANG_ENABLE_MODULES = YES;
				CLANG_ENABLE_OBJC_ARC = YES;
				CLANG_WARN_BOOL_CONVERSION = YES;
				CLANG_WARN_CONSTANT_CONVERSION = YES;
				CLANG_WARN_DIRECT_OBJC_ISA_USAGE = YES_ERROR;
				CLANG_WARN_EMPTY_BODY = YES;
				CLANG_WARN_ENUM_CONVERSION = YES;
				CLANG_WARN_INT_CONVERSION = YES;
				CLANG_WARN_OBJC_ROOT_CLASS = YES_ERROR;
				CLANG_WARN__DUPLICATE_METHOD_MATCH = YES;
				"CODE_SIGN_IDENTITY[sdk=iphoneos*]" = "iPhone Developer";
				COPY_PHASE_STRIP = YES;
				ENABLE_NS_ASSERTIONS = NO;
				GCC_C_LANGUAGE_STANDARD = gnu99;
				GCC_WARN_64_TO_32_BIT_CONVERSION = YES;
				GCC_WARN_ABOUT_RETURN_TYPE = YES_ERROR;
				GCC_WARN_UNDECLARED_SELECTOR = YES;
				GCC_WARN_UNINITIALIZED_AUTOS = YES_AGGRESSIVE;
				GCC_WARN_UNUSED_FUNCTION = YES;
				GCC_WARN_UNUSED_VARIABLE = YES;
				IPHONEOS_DEPLOYMENT_TARGET = 7.1;
				SDKROOT = iphoneos;
				TARGETED_DEVICE_FAMILY = "1,2";
				VALIDATE_PRODUCT = YES;
			};
			name = Release;
		};
		3C7F032C18DCFAFF0070FDCB /* Debug */ = {
			isa = XCBuildConfiguration;
			buildSettings = {
				ASSETCATALOG_COMPILER_APPICON_NAME = AppIcon;
				ASSETCATALOG_COMPILER_LAUNCHIMAGE_NAME = LaunchImage;
				GCC_PRECOMPILE_PREFIX_HEADER = YES;
				GCC_PREFIX_HEADER = "touchGame/touchGame-Prefix.pch";
				INFOPLIST_FILE = "touchGame/touchGame-Info.plist";
				IPHONEOS_DEPLOYMENT_TARGET = 6.1;
				PRODUCT_NAME = "$(TARGET_NAME)";
				SPRITEKIT_TEXTURE_ATLAS_OUTPUT = YES;
				TARGETED_DEVICE_FAMILY = "1,2";
				WRAPPER_EXTENSION = app;
			};
			name = Debug;
		};
		3C7F032D18DCFAFF0070FDCB /* Release */ = {
			isa = XCBuildConfiguration;
			buildSettings = {
				ASSETCATALOG_COMPILER_APPICON_NAME = AppIcon;
				ASSETCATALOG_COMPILER_LAUNCHIMAGE_NAME = LaunchImage;
				GCC_PRECOMPILE_PREFIX_HEADER = YES;
				GCC_PREFIX_HEADER = "touchGame/touchGame-Prefix.pch";
				INFOPLIST_FILE = "touchGame/touchGame-Info.plist";
				IPHONEOS_DEPLOYMENT_TARGET = 6.1;
				PRODUCT_NAME = "$(TARGET_NAME)";
				SPRITEKIT_TEXTURE_ATLAS_OUTPUT = YES;
				TARGETED_DEVICE_FAMILY = "1,2";
				WRAPPER_EXTENSION = app;
			};
			name = Release;
		};
		3C7F032F18DCFAFF0070FDCB /* Debug */ = {
			isa = XCBuildConfiguration;
			buildSettings = {
				BUNDLE_LOADER = "$(BUILT_PRODUCTS_DIR)/touchGame.app/touchGame";
				FRAMEWORK_SEARCH_PATHS = (
					"$(SDKROOT)/Developer/Library/Frameworks",
					"$(inherited)",
					"$(DEVELOPER_FRAMEWORKS_DIR)",
				);
				GCC_PRECOMPILE_PREFIX_HEADER = YES;
				GCC_PREFIX_HEADER = "touchGame/touchGame-Prefix.pch";
				GCC_PREPROCESSOR_DEFINITIONS = (
					"DEBUG=1",
					"$(inherited)",
				);
				INFOPLIST_FILE = "touchGameTests/touchGameTests-Info.plist";
				PRODUCT_NAME = "$(TARGET_NAME)";
				TEST_HOST = "$(BUNDLE_LOADER)";
				WRAPPER_EXTENSION = xctest;
			};
			name = Debug;
		};
		3C7F033018DCFAFF0070FDCB /* Release */ = {
			isa = XCBuildConfiguration;
			buildSettings = {
				BUNDLE_LOADER = "$(BUILT_PRODUCTS_DIR)/touchGame.app/touchGame";
				FRAMEWORK_SEARCH_PATHS = (
					"$(SDKROOT)/Developer/Library/Frameworks",
					"$(inherited)",
					"$(DEVELOPER_FRAMEWORKS_DIR)",
				);
				GCC_PRECOMPILE_PREFIX_HEADER = YES;
				GCC_PREFIX_HEADER = "touchGame/touchGame-Prefix.pch";
				INFOPLIST_FILE = "touchGameTests/touchGameTests-Info.plist";
				PRODUCT_NAME = "$(TARGET_NAME)";
				TEST_HOST = "$(BUNDLE_LOADER)";
				WRAPPER_EXTENSION = xctest;
			};
			name = Release;
		};
/* End XCBuildConfiguration section */

/* Begin XCConfigurationList section */
		3C7F02EA18DCFAFF0070FDCB /* Build configuration list for PBXProject "touchGame" */ = {
			isa = XCConfigurationList;
			buildConfigurations = (
				3C7F032918DCFAFF0070FDCB /* Debug */,
				3C7F032A18DCFAFF0070FDCB /* Release */,
			);
			defaultConfigurationIsVisible = 0;
			defaultConfigurationName = Release;
		};
		3C7F032B18DCFAFF0070FDCB /* Build configuration list for PBXNativeTarget "touchGame" */ = {
			isa = XCConfigurationList;
			buildConfigurations = (
				3C7F032C18DCFAFF0070FDCB /* Debug */,
				3C7F032D18DCFAFF0070FDCB /* Release */,
			);
			defaultConfigurationIsVisible = 0;
			defaultConfigurationName = Release;
		};
		3C7F032E18DCFAFF0070FDCB /* Build configuration list for PBXNativeTarget "touchGameTests" */ = {
			isa = XCConfigurationList;
			buildConfigurations = (
				3C7F032F18DCFAFF0070FDCB /* Debug */,
				3C7F033018DCFAFF0070FDCB /* Release */,
			);
			defaultConfigurationIsVisible = 0;
			defaultConfigurationName = Release;
		};
/* End XCConfigurationList section */
	};
	rootObject = 3C7F02E718DCFAFF0070FDCB /* Project object */;
}
